
Microsoft Visual Studio Solution File, Format Version 12.00
# Visual Studio Version 16
VisualStudioVersion = 16.0.31624.102
MinimumVisualStudioVersion = 10.0.40219.1
Project("{9A19103F-16F7-4668-BE54-9A1E7A4F7556}") = "CalculatorProject", "CalculatorProject\CalculatorProject.csproj", "{7940B4F3-D3B8-4CA3-AE96-86683554B61F}"
EndProject
Project("{9A19103F-16F7-4668-BE54-9A1E7A4F7556}") = "Calculator.Unit.Test", "Calculator.Unit.Test\Calculator.Unit.Test.csproj", "{82CAED29-7830-4226-8135-3592B7E2FD66}"
EndProject
Project("{2150E333-8FDC-42A3-9474-1A3956D46DE8}") = "Solution Items", "Solution Items", "{CF0B1E48-59F1-425D-A2A4-6D51E5CF2E13}"
	ProjectSection(SolutionItems) = preProject
		dotCoverCoverageConfigCore.xml = dotCoverCoverageConfigCore.xml
	EndProjectSection
EndProject
Global
	GlobalSection(SolutionConfigurationPlatforms) = preSolution
		Debug|Any CPU = Debug|Any CPU
		Release|Any CPU = Release|Any CPU
	EndGlobalSection
	GlobalSection(ProjectConfigurationPlatforms) = postSolution
		{7940B4F3-D3B8-4CA3-AE96-86683554B61F}.Debug|Any CPU.ActiveCfg = Debug|Any CPU
		{7940B4F3-D3B8-4CA3-AE96-86683554B61F}.Debug|Any CPU.Build.0 = Debug|Any CPU
		{7940B4F3-D3B8-4CA3-AE96-86683554B61F}.Release|Any CPU.ActiveCfg = Release|Any CPU
		{7940B4F3-D3B8-4CA3-AE96-86683554B61F}.Release|Any CPU.Build.0 = Release|Any CPU
		{82CAED29-7830-4226-8135-3592B7E2FD66}.Debug|Any CPU.ActiveCfg = Debug|Any CPU
		{82CAED29-7830-4226-8135-3592B7E2FD66}.Debug|Any CPU.Build.0 = Debug|Any CPU
		{82CAED29-7830-4226-8135-3592B7E2FD66}.Release|Any CPU.ActiveCfg = Release|Any CPU
		{82CAED29-7830-4226-8135-3592B7E2FD66}.Release|Any CPU.Build.0 = Release|Any CPU
	EndGlobalSection
	GlobalSection(SolutionProperties) = preSolution
		HideSolutionNode = FALSE
	EndGlobalSection
	GlobalSection(ExtensibilityGlobals) = postSolution
		SolutionGuid = {858A12D3-4F28-4DA6-8575-CB4C3A96B7C6}
	EndGlobalSection
EndGlobal
